// !$*UTF8*$!
{
	archiveVersion = 1;
	classes = {
	};
	objectVersion = 56;
	objects = {

/* Begin PBXBuildFile section */
		00A2A3BC293B9F5C00259A4C /* main.swift in Sources */ = {isa = PBXBuildFile; fileRef = 00A2A3BB293B9F5C00259A4C /* main.swift */; };
		00A2A3C3293B9F7700259A4C /* protocol.swift in Sources */ = {isa = PBXBuildFile; fileRef = 00A2A3C2293B9F7700259A4C /* protocol.swift */; };
		00A2A3C5293BA01500259A4C /* pickup.swift in Sources */ = {isa = PBXBuildFile; fileRef = 00A2A3C4293BA01500259A4C /* pickup.swift */; };
		00A2A3C7293BA08700259A4C /* jeep.swift in Sources */ = {isa = PBXBuildFile; fileRef = 00A2A3C6293BA08700259A4C /* jeep.swift */; };
		00A2A3C9293BA0BB00259A4C /* crossover.swift in Sources */ = {isa = PBXBuildFile; fileRef = 00A2A3C8293BA0BB00259A4C /* crossover.swift */; };
/* End PBXBuildFile section */

/* Begin PBXCopyFilesBuildPhase section */
		00A2A3B6293B9F5C00259A4C /* CopyFiles */ = {
			isa = PBXCopyFilesBuildPhase;
			buildActionMask = 2147483647;
			dstPath = /usr/share/man/man1/;
			dstSubfolderSpec = 0;
			files = (
			);
			runOnlyForDeploymentPostprocessing = 1;
		};
/* End PBXCopyFilesBuildPhase section */

/* Begin PBXFileReference section */
		00A2A3B8293B9F5C00259A4C /* 2m6h */ = {isa = PBXFileReference; explicitFileType = "compiled.mach-o.executable"; includeInIndex = 0; path = 2m6h; sourceTree = BUILT_PRODUCTS_DIR; };
		00A2A3BB293B9F5C00259A4C /* main.swift */ = {isa = PBXFileReference; lastKnownFileType = sourcecode.swift; path = main.swift; sourceTree = "<group>"; };
		00A2A3C2293B9F7700259A4C /* protocol.swift */ = {isa = PBXFileReference; lastKnownFileType = sourcecode.swift; path = protocol.swift; sourceTree = "<group>"; };
		00A2A3C4293BA01500259A4C /* pickup.swift */ = {isa = PBXFileReference; lastKnownFileType = sourcecode.swift; path = pickup.swift; sourceTree = "<group>"; };
		00A2A3C6293BA08700259A4C /* jeep.swift */ = {isa = PBXFileReference; lastKnownFileType = sourcecode.swift; path = jeep.swift; sourceTree = "<group>"; };
		00A2A3C8293BA0BB00259A4C /* crossover.swift */ = {isa = PBXFileReference; lastKnownFileType = sourcecode.swift; path = crossover.swift; sourceTree = "<group>"; };
/* End PBXFileReference section */

/* Begin PBXFrameworksBuildPhase section */
		00A2A3B5293B9F5C00259A4C /* Frameworks */ = {
			isa = PBXFrameworksBuildPhase;
			buildActionMask = 2147483647;
			files = (
			);
			runOnlyForDeploymentPostprocessing = 0;
		};
/* End PBXFrameworksBuildPhase section */

/* Begin PBXGroup section */
		00A2A3AF293B9F5C00259A4C = {
			isa = PBXGroup;
			children = (
				00A2A3BA293B9F5C00259A4C /* 2m6h */,
				00A2A3B9293B9F5C00259A4C /* Products */,
			);
			sourceTree = "<group>";
		};
		00A2A3B9293B9F5C00259A4C /* Products */ = {
			isa = PBXGroup;
			children = (
				00A2A3B8293B9F5C00259A4C /* 2m6h */,
			);
			name = Products;
			sourceTree = "<group>";
		};
		00A2A3BA293B9F5C00259A4C /* 2m6h */ = {
			isa = PBXGroup;
			children = (
				00A2A3BB293B9F5C00259A4C /* main.swift */,
				00A2A3C2293B9F7700259A4C /* protocol.swift */,
				00A2A3C4293BA01500259A4C /* pickup.swift */,
				00A2A3C6293BA08700259A4C /* jeep.swift */,
				00A2A3C8293BA0BB00259A4C /* crossover.swift */,
			);
			path = 2m6h;
			sourceTree = "<group>";
		};
/* End PBXGroup section */

/* Begin PBXNativeTarget section */
		00A2A3B7293B9F5C00259A4C /* 2m6h */ = {
			isa = PBXNativeTarget;
			buildConfigurationList = 00A2A3BF293B9F5C00259A4C /* Build configuration list for PBXNativeTarget "2m6h" */;
			buildPhases = (
				00A2A3B4293B9F5C00259A4C /* Sources */,
				00A2A3B5293B9F5C00259A4C /* Frameworks */,
				00A2A3B6293B9F5C00259A4C /* CopyFiles */,
			);
			buildRules = (
			);
			dependencies = (
			);
			name = 2m6h;
			productName = 2m6h;
			productReference = 00A2A3B8293B9F5C00259A4C /* 2m6h */;
			productType = "com.apple.product-type.tool";
		};
/* End PBXNativeTarget section */

/* Begin PBXProject section */
		00A2A3B0293B9F5C00259A4C /* Project object */ = {
			isa = PBXProject;
			attributes = {
				BuildIndependentTargetsInParallel = 1;
				LastSwiftUpdateCheck = 1400;
				LastUpgradeCheck = 1400;
				TargetAttributes = {
					00A2A3B7293B9F5C00259A4C = {
						CreatedOnToolsVersion = 14.0.1;
					};
				};
			};
			buildConfigurationList = 00A2A3B3293B9F5C00259A4C /* Build configuration list for PBXProject "2m6h" */;
			compatibilityVersion = "Xcode 14.0";
			developmentRegion = en;
			hasScannedForEncodings = 0;
			knownRegions = (
				en,
				Base,
			);
			mainGroup = 00A2A3AF293B9F5C00259A4C;
			productRefGroup = 00A2A3B9293B9F5C00259A4C /* Products */;
			projectDirPath = "";
			projectRoot = "";
			targets = (
				00A2A3B7293B9F5C00259A4C /* 2m6h */,
			);
		};
/* End PBXProject section */

/* Begin PBXSourcesBuildPhase section */
		00A2A3B4293B9F5C00259A4C /* Sources */ = {
			isa = PBXSourcesBuildPhase;
			buildActionMask = 2147483647;
			files = (
				00A2A3C9293BA0BB00259A4C /* crossover.swift in Sources */,
				00A2A3C5293BA01500259A4C /* pickup.swift in Sources */,
				00A2A3C7293BA08700259A4C /* jeep.swift in Sources */,
				00A2A3BC293B9F5C00259A4C /* main.swift in Sources */,
				00A2A3C3293B9F7700259A4C /* protocol.swift in Sources */,
			);
			runOnlyForDeploymentPostprocessing = 0;
		};
/* End PBXSourcesBuildPhase section */

/* Begin XCBuildConfiguration section */
		00A2A3BD293B9F5C00259A4C /* Debug */ = {
			isa = XCBuildConfiguration;
			buildSettings = {
				ALWAYS_SEARCH_USER_PATHS = NO;
				CLANG_ANALYZER_NONNULL = YES;
				CLANG_ANALYZER_NUMBER_OBJECT_CONVERSION = YES_AGGRESSIVE;
				CLANG_CXX_LANGUAGE_STANDARD = "gnu++20";
				CLANG_ENABLE_MODULES = YES;
				CLANG_ENABLE_OBJC_ARC = YES;
				CLANG_ENABLE_OBJC_WEAK = YES;
				CLANG_WARN_BLOCK_CAPTURE_AUTORELEASING = YES;
				CLANG_WARN_BOOL_CONVERSION = YES;
				CLANG_WARN_COMMA = YES;
				CLANG_WARN_CONSTANT_CONVERSION = YES;
				CLANG_WARN_DEPRECATED_OBJC_IMPLEMENTATIONS = YES;
				CLANG_WARN_DIRECT_OBJC_ISA_USAGE = YES_ERROR;
				CLANG_WARN_DOCUMENTATION_COMMENTS = YES;
				CLANG_WARN_EMPTY_BODY = YES;
				CLANG_WARN_ENUM_CONVERSION = YES;
				CLANG_WARN_INFINITE_RECURSION = YES;
				CLANG_WARN_INT_CONVERSION = YES;
				CLANG_WARN_NON_LITERAL_NULL_CONVERSION = YES;
				CLANG_WARN_OBJC_IMPLICIT_RETAIN_SELF = YES;
				CLANG_WARN_OBJC_LITERAL_CONVERSION = YES;
				CLANG_WARN_OBJC_ROOT_CLASS = YES_ERROR;
				CLANG_WARN_QUOTED_INCLUDE_IN_FRAMEWORK_HEADER = YES;
				CLANG_WARN_RANGE_LOOP_ANALYSIS = YES;
				CLANG_WARN_STRICT_PROTOTYPES = YES;
				CLANG_WARN_SUSPICIOUS_MOVE = YES;
				CLANG_WARN_UNGUARDED_AVAILABILITY = YES_AGGRESSIVE;
				CLANG_WARN_UNREACHABLE_CODE = YES;
				CLANG_WARN__DUPLICATE_METHOD_MATCH = YES;
				COPY_PHASE_STRIP = NO;
				DEBUG_INFORMATION_FORMAT = dwarf;
				ENABLE_STRICT_OBJC_MSGSEND = YES;
				ENABLE_TESTABILITY = YES;
				GCC_C_LANGUAGE_STANDARD = gnu11;
				GCC_DYNAMIC_NO_PIC = NO;
				GCC_NO_COMMON_BLOCKS = YES;
				GCC_OPTIMIZATION_LEVEL = 0;
				GCC_PREPROCESSOR_DEFINITIONS = (
					"DEBUG=1",
					"$(inherited)",
				);
				GCC_WARN_64_TO_32_BIT_CONVERSION = YES;
				GCC_WARN_ABOUT_RETURN_TYPE = YES_ERROR;
				GCC_WARN_UNDECLARED_SELECTOR = YES;
				GCC_WARN_UNINITIALIZED_AUTOS = YES_AGGRESSIVE;
				GCC_WARN_UNUSED_FUNCTION = YES;
				GCC_WARN_UNUSED_VARIABLE = YES;
				MACOSX_DEPLOYMENT_TARGET = 12.3;
				MTL_ENABLE_DEBUG_INFO = INCLUDE_SOURCE;
				MTL_FAST_MATH = YES;
				ONLY_ACTIVE_ARCH = YES;
				SDKROOT = macosx;
				SWIFT_ACTIVE_COMPILATION_CONDITIONS = DEBUG;
				SWIFT_OPTIMIZATION_LEVEL = "-Onone";
			};
			name = Debug;
		};
		00A2A3BE293B9F5C00259A4C /* Release */ = {
			isa = XCBuildConfiguration;
			buildSettings = {
				ALWAYS_SEARCH_USER_PATHS = NO;
				CLANG_ANALYZER_NONNULL = YES;
				CLANG_ANALYZER_NUMBER_OBJECT_CONVERSION = YES_AGGRESSIVE;
				CLANG_CXX_LANGUAGE_STANDARD = "gnu++20";
				CLANG_ENABLE_MODULES = YES;
				CLANG_ENABLE_OBJC_ARC = YES;
				CLANG_ENABLE_OBJC_WEAK = YES;
				CLANG_WARN_BLOCK_CAPTURE_AUTORELEASING = YES;
				CLANG_WARN_BOOL_CONVERSION = YES;
				CLANG_WARN_COMMA = YES;
				CLANG_WARN_CONSTANT_CONVERSION = YES;
				CLANG_WARN_DEPRECATED_OBJC_IMPLEMENTATIONS = YES;
				CLANG_WARN_DIRECT_OBJC_ISA_USAGE = YES_ERROR;
				CLANG_WARN_DOCUMENTATION_COMMENTS = YES;
				CLANG_WARN_EMPTY_BODY = YES;
				CLANG_WARN_ENUM_CONVERSION = YES;
				CLANG_WARN_INFINITE_RECURSION = YES;
				CLANG_WARN_INT_CONVERSION = YES;
				CLANG_WARN_NON_LITERAL_NULL_CONVERSION = YES;
				CLANG_WARN_OBJC_IMPLICIT_RETAIN_SELF = YES;
				CLANG_WARN_OBJC_LITERAL_CONVERSION = YES;
				CLANG_WARN_OBJC_ROOT_CLASS = YES_ERROR;
				CLANG_WARN_QUOTED_INCLUDE_IN_FRAMEWORK_HEADER = YES;
				CLANG_WARN_RANGE_LOOP_ANALYSIS = YES;
				CLANG_WARN_STRICT_PROTOTYPES = YES;
				CLANG_WARN_SUSPICIOUS_MOVE = YES;
				CLANG_WARN_UNGUARDED_AVAILABILITY = YES_AGGRESSIVE;
				CLANG_WARN_UNREACHABLE_CODE = YES;
				CLANG_WARN__DUPLICATE_METHOD_MATCH = YES;
				COPY_PHASE_STRIP = NO;
				DEBUG_INFORMATION_FORMAT = "dwarf-with-dsym";
				ENABLE_NS_ASSERTIONS = NO;
				ENABLE_STRICT_OBJC_MSGSEND = YES;
				GCC_C_LANGUAGE_STANDARD = gnu11;
				GCC_NO_COMMON_BLOCKS = YES;
				GCC_WARN_64_TO_32_BIT_CONVERSION = YES;
				GCC_WARN_ABOUT_RETURN_TYPE = YES_ERROR;
				GCC_WARN_UNDECLARED_SELECTOR = YES;
				GCC_WARN_UNINITIALIZED_AUTOS = YES_AGGRESSIVE;
				GCC_WARN_UNUSED_FUNCTION = YES;
				GCC_WARN_UNUSED_VARIABLE = YES;
				MACOSX_DEPLOYMENT_TARGET = 12.3;
				MTL_ENABLE_DEBUG_INFO = NO;
				MTL_FAST_MATH = YES;
				SDKROOT = macosx;
				SWIFT_COMPILATION_MODE = wholemodule;
				SWIFT_OPTIMIZATION_LEVEL = "-O";
			};
			name = Release;
		};
		00A2A3C0293B9F5C00259A4C /* Debug */ = {
			isa = XCBuildConfiguration;
			buildSettings = {
				CODE_SIGN_STYLE = Automatic;
				DEVELOPMENT_TEAM = AC5SLL43PB;
				ENABLE_HARDENED_RUNTIME = YES;
				PRODUCT_NAME = "$(TARGET_NAME)";
				SWIFT_VERSION = 5.0;
			};
			name = Debug;
		};
		00A2A3C1293B9F5C00259A4C /* Release */ = {
			isa = XCBuildConfiguration;
			buildSettings = {
				CODE_SIGN_STYLE = Automatic;
				DEVELOPMENT_TEAM = AC5SLL43PB;
				ENABLE_HARDENED_RUNTIME = YES;
				PRODUCT_NAME = "$(TARGET_NAME)";
				SWIFT_VERSION = 5.0;
			};
			name = Release;
		};
/* End XCBuildConfiguration section */

/* Begin XCConfigurationList section */
		00A2A3B3293B9F5C00259A4C /* Build configuration list for PBXProject "2m6h" */ = {
			isa = XCConfigurationList;
			buildConfigurations = (
				00A2A3BD293B9F5C00259A4C /* Debug */,
				00A2A3BE293B9F5C00259A4C /* Release */,
			);
			defaultConfigurationIsVisible = 0;
			defaultConfigurationName = Release;
		};
		00A2A3BF293B9F5C00259A4C /* Build configuration list for PBXNativeTarget "2m6h" */ = {
			isa = XCConfigurationList;
			buildConfigurations = (
				00A2A3C0293B9F5C00259A4C /* Debug */,
				00A2A3C1293B9F5C00259A4C /* Release */,
			);
			defaultConfigurationIsVisible = 0;
			defaultConfigurationName = Release;
		};
/* End XCConfigurationList section */
	};
	rootObject = 00A2A3B0293B9F5C00259A4C /* Project object */;
}
